lockfileVersion: 5.4

specifiers:
  '@polkadot/api': ^9.12.1
  '@polkadot/api-augment': ^9.12.1
  '@polkadot/extension-dapp': ^0.44.8
  '@polkadot/types': ^9.12.1
  '@types/node': ^18.11.18
  bn.js: ^5.2.1
  typescript: ^4.9.4

dependencies:
  '@polkadot/api': 9.14.2
  '@polkadot/api-augment': 9.14.2
  '@polkadot/extension-dapp': 0.44.9_@polkadot+api@9.14.2
  '@polkadot/types': 9.14.2
  bn.js: 5.2.1

devDependencies:
  '@types/node': 18.15.3
  typescript: 4.9.5

packages:

  /@babel/runtime/7.21.0:
    resolution: {integrity: sha512-xwII0//EObnq89Ji5AKYQaRYiW/nZ3llSv29d49IuxPhKbtJoLP+9QUUZ4nVragQVtaVGeZrpB+ZtG/Pdy/POw==}
    engines: {node: '>=6.9.0'}
    dependencies:
      regenerator-runtime: 0.13.11
    dev: false

  /@noble/hashes/1.2.0:
    resolution: {integrity: sha512-FZfhjEDbT5GRswV3C6uvLPHMiVD6lQBmpoX5+eSiPaMTXte/IKqI5dykDxzZB/WBeK/CDuQRBWarPdi3FNY2zQ==}
    dev: false

  /@noble/secp256k1/1.7.1:
    resolution: {integrity: sha512-hOUk6AyBFmqVrv7k5WAw/LpszxVbj9gGN4JRkIX52fdFAj1UA61KXmZDvqVEm+pOyec3+fIeZB02LYa/pWOArw==}
    dev: false

  /@polkadot/api-augment/9.14.2:
    resolution: {integrity: sha512-19MmW8AHEcLkdcUIo3LLk0eCQgREWqNSxkUyOeWn7UiNMY1AhDOOwMStUBNCvrIDK6VL6GGc1sY7rkPCLMuKSw==}
    engines: {node: '>=14.0.0'}
    dependencies:
      '@babel/runtime': 7.21.0
      '@polkadot/api-base': 9.14.2
      '@polkadot/rpc-augment': 9.14.2
      '@polkadot/types': 9.14.2
      '@polkadot/types-augment': 9.14.2
      '@polkadot/types-codec': 9.14.2
      '@polkadot/util': 10.4.2
    transitivePeerDependencies:
      - bufferutil
      - supports-color
      - utf-8-validate
    dev: false

  /@polkadot/api-base/9.14.2:
    resolution: {integrity: sha512-ky9fmzG1Tnrjr/SBZ0aBB21l0TFr+CIyQenQczoUyVgiuxVaI/2Bp6R2SFrHhG28P+PW2/RcYhn2oIAR2Z2fZQ==}
    engines: {node: '>=14.0.0'}
    dependencies:
      '@babel/runtime': 7.21.0
      '@polkadot/rpc-core': 9.14.2
      '@polkadot/types': 9.14.2
      '@polkadot/util': 10.4.2
      rxjs: 7.8.0
    transitivePeerDependencies:
      - bufferutil
      - supports-color
      - utf-8-validate
    dev: false

  /@polkadot/api-derive/9.14.2:
    resolution: {integrity: sha512-yw9OXucmeggmFqBTMgza0uZwhNjPxS7MaT7lSCUIRKckl1GejdV+qMhL3XFxPFeYzXwzFpdPG11zWf+qJlalqw==}
    engines: {node: '>=14.0.0'}
    dependencies:
      '@babel/runtime': 7.21.0
      '@polkadot/api': 9.14.2
      '@polkadot/api-augment': 9.14.2
      '@polkadot/api-base': 9.14.2
      '@polkadot/rpc-core': 9.14.2
      '@polkadot/types': 9.14.2
      '@polkadot/types-codec': 9.14.2
      '@polkadot/util': 10.4.2
      '@polkadot/util-crypto': 10.4.2
      rxjs: 7.8.0
    transitivePeerDependencies:
      - bufferutil
      - supports-color
      - utf-8-validate
    dev: false

  /@polkadot/api/9.14.2:
    resolution: {integrity: sha512-R3eYFj2JgY1zRb+OCYQxNlJXCs2FA+AU4uIEiVcXnVLmR3M55tkRNEwYAZmiFxx0pQmegGgPMc33q7TWGdw24A==}
    engines: {node: '>=14.0.0'}
    dependencies:
      '@babel/runtime': 7.21.0
      '@polkadot/api-augment': 9.14.2
      '@polkadot/api-base': 9.14.2
      '@polkadot/api-derive': 9.14.2
      '@polkadot/keyring': 10.4.2
      '@polkadot/rpc-augment': 9.14.2
      '@polkadot/rpc-core': 9.14.2
      '@polkadot/rpc-provider': 9.14.2
      '@polkadot/types': 9.14.2
      '@polkadot/types-augment': 9.14.2
      '@polkadot/types-codec': 9.14.2
      '@polkadot/types-create': 9.14.2
      '@polkadot/types-known': 9.14.2
      '@polkadot/util': 10.4.2
      '@polkadot/util-crypto': 10.4.2
      eventemitter3: 5.0.0
      rxjs: 7.8.0
    transitivePeerDependencies:
      - bufferutil
      - supports-color
      - utf-8-validate
    dev: false

  /@polkadot/extension-dapp/0.44.9_@polkadot+api@9.14.2:
    resolution: {integrity: sha512-xYY9bg4y2YW1ORWTflrPBypYueCpzajlYsU1CWuPP9fzKsdfd97wwa+dIYYvLbJy7tcivC+uIT3BpaFaJn2mXg==}
    peerDependencies:
      '@polkadot/api': '*'
    dependencies:
      '@babel/runtime': 7.21.0
      '@polkadot/api': 9.14.2
      '@polkadot/extension-inject': 0.44.9_@polkadot+api@9.14.2
      '@polkadot/util': 10.4.2
      '@polkadot/util-crypto': 10.4.2
    transitivePeerDependencies:
      - bufferutil
      - supports-color
      - utf-8-validate
    dev: false

  /@polkadot/extension-inject/0.44.9_@polkadot+api@9.14.2:
    resolution: {integrity: sha512-c23vp0C/8R5C3gdqoH2JRlKcvVjJFl9uM3t6rM/uwDs7GEQr9jrsmIOHGhNoI1/M/xBrCm/KuYNYi0dafdm/Vw==}
    peerDependencies:
      '@polkadot/api': '*'
    dependencies:
      '@babel/runtime': 7.21.0
      '@polkadot/api': 9.14.2
      '@polkadot/rpc-provider': 9.14.2
      '@polkadot/types': 9.14.2
      '@polkadot/util': 10.4.2
      '@polkadot/util-crypto': 10.4.2
      '@polkadot/x-global': 10.4.2
    transitivePeerDependencies:
      - bufferutil
      - supports-color
      - utf-8-validate
    dev: false

  /@polkadot/keyring/10.4.2:
    resolution: {integrity: sha512-7iHhJuXaHrRTG6cJDbZE9G+c1ts1dujp0qbO4RfAPmT7YUvphHvAtCKueN9UKPz5+TYDL+rP/jDEaSKU8jl/qQ==}
    engines: {node: '>=14.0.0'}
    dependencies:
      '@babel/runtime': 7.21.0
      '@polkadot/util': 10.4.2
      '@polkadot/util-crypto': 10.4.2
    dev: false

  /@polkadot/networks/10.4.2:
    resolution: {integrity: sha512-FAh/znrEvWBiA/LbcT5GXHsCFUl//y9KqxLghSr/CreAmAergiJNT0MVUezC7Y36nkATgmsr4ylFwIxhVtuuCw==}
    engines: {node: '>=14.0.0'}
    dependencies:
      '@babel/runtime': 7.21.0
      '@polkadot/util': 10.4.2
      '@substrate/ss58-registry': 1.39.0
    dev: false

  /@polkadot/rpc-augment/9.14.2:
    resolution: {integrity: sha512-mOubRm3qbKZTbP9H01XRrfTk7k5it9WyzaWAg72DJBQBYdgPUUkGSgpPD/Srkk5/5GAQTWVWL1I2UIBKJ4TJjQ==}
    engines: {node: '>=14.0.0'}
    dependencies:
      '@babel/runtime': 7.21.0
      '@polkadot/rpc-core': 9.14.2
      '@polkadot/types': 9.14.2
      '@polkadot/types-codec': 9.14.2
      '@polkadot/util': 10.4.2
    transitivePeerDependencies:
      - bufferutil
      - supports-color
      - utf-8-validate
    dev: false

  /@polkadot/rpc-core/9.14.2:
    resolution: {integrity: sha512-krA/mtQ5t9nUQEsEVC1sjkttLuzN6z6gyJxK2IlpMS3S5ncy/R6w4FOpy+Q0H18Dn83JBo0p7ZtY7Y6XkK48Kw==}
    engines: {node: '>=14.0.0'}
    dependencies:
      '@babel/runtime': 7.21.0
      '@polkadot/rpc-augment': 9.14.2
      '@polkadot/rpc-provider': 9.14.2
      '@polkadot/types': 9.14.2
      '@polkadot/util': 10.4.2
      rxjs: 7.8.0
    transitivePeerDependencies:
      - bufferutil
      - supports-color
      - utf-8-validate
    dev: false

  /@polkadot/rpc-provider/9.14.2:
    resolution: {integrity: sha512-YTSywjD5PF01V47Ru5tln2LlpUwJiSOdz6rlJXPpMaY53hUp7+xMU01FVAQ1bllSBNisSD1Msv/mYHq84Oai2g==}
    engines: {node: '>=14.0.0'}
    dependencies:
      '@babel/runtime': 7.21.0
      '@polkadot/keyring': 10.4.2
      '@polkadot/types': 9.14.2
      '@polkadot/types-support': 9.14.2
      '@polkadot/util': 10.4.2
      '@polkadot/util-crypto': 10.4.2
      '@polkadot/x-fetch': 10.4.2
      '@polkadot/x-global': 10.4.2
      '@polkadot/x-ws': 10.4.2
      eventemitter3: 5.0.0
      mock-socket: 9.2.1
      nock: 13.3.0
    optionalDependencies:
      '@substrate/connect': 0.7.19
    transitivePeerDependencies:
      - bufferutil
      - supports-color
      - utf-8-validate
    dev: false

  /@polkadot/types-augment/9.14.2:
    resolution: {integrity: sha512-WO9d7RJufUeY3iFgt2Wz762kOu1tjEiGBR5TT4AHtpEchVHUeosVTrN9eycC+BhleqYu52CocKz6u3qCT/jKLg==}
    engines: {node: '>=14.0.0'}
    dependencies:
      '@babel/runtime': 7.21.0
      '@polkadot/types': 9.14.2
      '@polkadot/types-codec': 9.14.2
      '@polkadot/util': 10.4.2
    dev: false

  /@polkadot/types-codec/9.14.2:
    resolution: {integrity: sha512-AJ4XF7W1no4PENLBRU955V6gDxJw0h++EN3YoDgThozZ0sj3OxyFupKgNBZcZb2V23H8JxQozzIad8k+nJbO1w==}
    engines: {node: '>=14.0.0'}
    dependencies:
      '@babel/runtime': 7.21.0
      '@polkadot/util': 10.4.2
      '@polkadot/x-bigint': 10.4.2
    dev: false

  /@polkadot/types-create/9.14.2:
    resolution: {integrity: sha512-nSnKpBierlmGBQT8r6/SHf6uamBIzk4WmdMsAsR4uJKJF1PtbIqx2W5PY91xWSiMSNMzjkbCppHkwaDAMwLGaw==}
    engines: {node: '>=14.0.0'}
    dependencies:
      '@babel/runtime': 7.21.0
      '@polkadot/types-codec': 9.14.2
      '@polkadot/util': 10.4.2
    dev: false

  /@polkadot/types-known/9.14.2:
    resolution: {integrity: sha512-iM8WOCgguzJ3TLMqlm4K1gKQEwWm2zxEKT1HZZ1irs/lAbBk9MquDWDvebryiw3XsLB8xgrp3RTIBn2Q4FjB2A==}
    engines: {node: '>=14.0.0'}
    dependencies:
      '@babel/runtime': 7.21.0
      '@polkadot/networks': 10.4.2
      '@polkadot/types': 9.14.2
      '@polkadot/types-codec': 9.14.2
      '@polkadot/types-create': 9.14.2
      '@polkadot/util': 10.4.2
    dev: false

  /@polkadot/types-support/9.14.2:
    resolution: {integrity: sha512-VWCOPgXDK3XtXT7wMLyIWeNDZxUbNcw/8Pn6n6vMogs7o/n4h6WGbGMeTIQhPWyn831/RmkVs5+2DUC+2LlOhw==}
    engines: {node: '>=14.0.0'}
    dependencies:
      '@babel/runtime': 7.21.0
      '@polkadot/util': 10.4.2
    dev: false

  /@polkadot/types/9.14.2:
    resolution: {integrity: sha512-hGLddTiJbvowhhUZJ3k+olmmBc1KAjWIQxujIUIYASih8FQ3/YJDKxaofGOzh0VygOKW3jxQBN2VZPofyDP9KQ==}
    engines: {node: '>=14.0.0'}
    dependencies:
      '@babel/runtime': 7.21.0
      '@polkadot/keyring': 10.4.2
      '@polkadot/types-augment': 9.14.2
      '@polkadot/types-codec': 9.14.2
      '@polkadot/types-create': 9.14.2
      '@polkadot/util': 10.4.2
      '@polkadot/util-crypto': 10.4.2
      rxjs: 7.8.0
    dev: false

  /@polkadot/util-crypto/10.4.2:
    resolution: {integrity: sha512-RxZvF7C4+EF3fzQv8hZOLrYCBq5+wA+2LWv98nECkroChY3C2ZZvyWDqn8+aonNULt4dCVTWDZM0QIY6y4LUAQ==}
    engines: {node: '>=14.0.0'}
    dependencies:
      '@babel/runtime': 7.21.0
      '@noble/hashes': 1.2.0
      '@noble/secp256k1': 1.7.1
      '@polkadot/networks': 10.4.2
      '@polkadot/util': 10.4.2
      '@polkadot/wasm-crypto': 6.4.1_dd6wkeqtkxumosysctb5ncnqpe
      '@polkadot/x-bigint': 10.4.2
      '@polkadot/x-randomvalues': 10.4.2
      '@scure/base': 1.1.1
      ed2curve: 0.3.0
      tweetnacl: 1.0.3
    dev: false

  /@polkadot/util/10.4.2:
    resolution: {integrity: sha512-0r5MGICYiaCdWnx+7Axlpvzisy/bi1wZGXgCSw5+ZTyPTOqvsYRqM2X879yxvMsGfibxzWqNzaiVjToz1jvUaA==}
    engines: {node: '>=14.0.0'}
    dependencies:
      '@babel/runtime': 7.21.0
      '@polkadot/x-bigint': 10.4.2
      '@polkadot/x-global': 10.4.2
      '@polkadot/x-textdecoder': 10.4.2
      '@polkadot/x-textencoder': 10.4.2
      '@types/bn.js': 5.1.1
      bn.js: 5.2.1
    dev: false

  /@polkadot/wasm-bridge/6.4.1_dd6wkeqtkxumosysctb5ncnqpe:
    resolution: {integrity: sha512-QZDvz6dsUlbYsaMV5biZgZWkYH9BC5AfhT0f0/knv8+LrbAoQdP3Asbvddw8vyU9sbpuCHXrd4bDLBwUCRfrBQ==}
    engines: {node: '>=14.0.0'}
    peerDependencies:
      '@polkadot/util': '*'
      '@polkadot/x-randomvalues': '*'
    dependencies:
      '@babel/runtime': 7.21.0
      '@polkadot/util': 10.4.2
      '@polkadot/x-randomvalues': 10.4.2
    dev: false

  /@polkadot/wasm-crypto-asmjs/6.4.1_@polkadot+util@10.4.2:
    resolution: {integrity: sha512-UxZTwuBZlnODGIQdCsE2Sn/jU0O2xrNQ/TkhRFELfkZXEXTNu4lw6NpaKq7Iey4L+wKd8h4lT3VPVkMcPBLOvA==}
    engines: {node: '>=14.0.0'}
    peerDependencies:
      '@polkadot/util': '*'
    dependencies:
      '@babel/runtime': 7.21.0
      '@polkadot/util': 10.4.2
    dev: false

  /@polkadot/wasm-crypto-init/6.4.1_dd6wkeqtkxumosysctb5ncnqpe:
    resolution: {integrity: sha512-1ALagSi/nfkyFaH6JDYfy/QbicVbSn99K8PV9rctDUfxc7P06R7CoqbjGQ4OMPX6w1WYVPU7B4jPHGLYBlVuMw==}
    engines: {node: '>=14.0.0'}
    peerDependencies:
      '@polkadot/util': '*'
      '@polkadot/x-randomvalues': '*'
    dependencies:
      '@babel/runtime': 7.21.0
      '@polkadot/util': 10.4.2
      '@polkadot/wasm-bridge': 6.4.1_dd6wkeqtkxumosysctb5ncnqpe
      '@polkadot/wasm-crypto-asmjs': 6.4.1_@polkadot+util@10.4.2
      '@polkadot/wasm-crypto-wasm': 6.4.1_@polkadot+util@10.4.2
      '@polkadot/x-randomvalues': 10.4.2
    dev: false

  /@polkadot/wasm-crypto-wasm/6.4.1_@polkadot+util@10.4.2:
    resolution: {integrity: sha512-3VV9ZGzh0ZY3SmkkSw+0TRXxIpiO0nB8lFwlRgcwaCihwrvLfRnH9GI8WE12mKsHVjWTEVR3ogzILJxccAUjDA==}
    engines: {node: '>=14.0.0'}
    peerDependencies:
      '@polkadot/util': '*'
    dependencies:
      '@babel/runtime': 7.21.0
      '@polkadot/util': 10.4.2
      '@polkadot/wasm-util': 6.4.1_@polkadot+util@10.4.2
    dev: false

  /@polkadot/wasm-crypto/6.4.1_dd6wkeqtkxumosysctb5ncnqpe:
    resolution: {integrity: sha512-FH+dcDPdhSLJvwL0pMLtn/LIPd62QDPODZRCmDyw+pFjLOMaRBc7raomWUOqyRWJTnqVf/iscc2rLVLNMyt7ag==}
    engines: {node: '>=14.0.0'}
    peerDependencies:
      '@polkadot/util': '*'
      '@polkadot/x-randomvalues': '*'
    dependencies:
      '@babel/runtime': 7.21.0
      '@polkadot/util': 10.4.2
      '@polkadot/wasm-bridge': 6.4.1_dd6wkeqtkxumosysctb5ncnqpe
      '@polkadot/wasm-crypto-asmjs': 6.4.1_@polkadot+util@10.4.2
      '@polkadot/wasm-crypto-init': 6.4.1_dd6wkeqtkxumosysctb5ncnqpe
      '@polkadot/wasm-crypto-wasm': 6.4.1_@polkadot+util@10.4.2
      '@polkadot/wasm-util': 6.4.1_@polkadot+util@10.4.2
      '@polkadot/x-randomvalues': 10.4.2
    dev: false

  /@polkadot/wasm-util/6.4.1_@polkadot+util@10.4.2:
    resolution: {integrity: sha512-Uwo+WpEsDmFExWC5kTNvsVhvqXMZEKf4gUHXFn4c6Xz4lmieRT5g+1bO1KJ21pl4msuIgdV3Bksfs/oiqMFqlw==}
    engines: {node: '>=14.0.0'}
    peerDependencies:
      '@polkadot/util': '*'
    dependencies:
      '@babel/runtime': 7.21.0
      '@polkadot/util': 10.4.2
    dev: false

  /@polkadot/x-bigint/10.4.2:
    resolution: {integrity: sha512-awRiox+/XSReLzimAU94fPldowiwnnMUkQJe8AebYhNocAj6SJU00GNoj6j6tAho6yleOwrTJXZaWFBaQVJQNg==}
    engines: {node: '>=14.0.0'}
    dependencies:
      '@babel/runtime': 7.21.0
      '@polkadot/x-global': 10.4.2
    dev: false

  /@polkadot/x-fetch/10.4.2:
    resolution: {integrity: sha512-Ubb64yaM4qwhogNP+4mZ3ibRghEg5UuCYRMNaCFoPgNAY8tQXuDKrHzeks3+frlmeH9YRd89o8wXLtWouwZIcw==}
    engines: {node: '>=14.0.0'}
    dependencies:
      '@babel/runtime': 7.21.0
      '@polkadot/x-global': 10.4.2
      '@types/node-fetch': 2.6.2
      node-fetch: 3.3.1
    dev: false

  /@polkadot/x-global/10.4.2:
    resolution: {integrity: sha512-g6GXHD/ykZvHap3M6wh19dO70Zm43l4jEhlxf5LtTo5/0/UporFCXr2YJYZqfbn9JbQwl1AU+NroYio+vtJdiA==}
    engines: {node: '>=14.0.0'}
    dependencies:
      '@babel/runtime': 7.21.0
    dev: false

  /@polkadot/x-randomvalues/10.4.2:
    resolution: {integrity: sha512-mf1Wbpe7pRZHO0V3V89isPLqZOy5XGX2bCqsfUWHgb1NvV1MMx5TjVjdaYyNlGTiOkAmJKlOHshcfPU2sYWpNg==}
    engines: {node: '>=14.0.0'}
    dependencies:
      '@babel/runtime': 7.21.0
      '@polkadot/x-global': 10.4.2
    dev: false

  /@polkadot/x-textdecoder/10.4.2:
    resolution: {integrity: sha512-d3ADduOKUTU+cliz839+KCFmi23pxTlabH7qh7Vs1GZQvXOELWdqFOqakdiAjtMn68n1KVF4O14Y+OUm7gp/zA==}
    engines: {node: '>=14.0.0'}
    dependencies:
      '@babel/runtime': 7.21.0
      '@polkadot/x-global': 10.4.2
    dev: false

  /@polkadot/x-textencoder/10.4.2:
    resolution: {integrity: sha512-mxcQuA1exnyv74Kasl5vxBq01QwckG088lYjc3KwmND6+pPrW2OWagbxFX5VFoDLDAE+UJtnUHsjdWyOTDhpQA==}
    engines: {node: '>=14.0.0'}
    dependencies:
      '@babel/runtime': 7.21.0
      '@polkadot/x-global': 10.4.2
    dev: false

  /@polkadot/x-ws/10.4.2:
    resolution: {integrity: sha512-3gHSTXAWQu1EMcMVTF5QDKHhEHzKxhAArweEyDXE7VsgKUP/ixxw4hVZBrkX122iI5l5mjSiooRSnp/Zl3xqDQ==}
    engines: {node: '>=14.0.0'}
    dependencies:
      '@babel/runtime': 7.21.0
      '@polkadot/x-global': 10.4.2
      '@types/websocket': 1.0.5
      websocket: 1.0.34
    transitivePeerDependencies:
      - supports-color
    dev: false

  /@scure/base/1.1.1:
    resolution: {integrity: sha512-ZxOhsSyxYwLJj3pLZCefNitxsj093tb2vq90mp2txoYeBqbcjDjqFhyM8eUjq/uFm6zJ+mUuqxlS2FkuSY1MTA==}
    dev: false

  /@substrate/connect-extension-protocol/1.0.1:
    resolution: {integrity: sha512-161JhCC1csjH3GE5mPLEd7HbWtwNSPJBg3p1Ksz9SFlTzj/bgEwudiRN2y5i0MoLGCIJRYKyKGMxVnd29PzNjg==}
    dev: false
    optional: true

  /@substrate/connect/0.7.19:
    resolution: {integrity: sha512-+DDRadc466gCmDU71sHrYOt1HcI2Cbhm7zdCFjZfFVHXhC/E8tOdrVSglAH2HDEHR0x2SiHRxtxOGC7ak2Zjog==}
    requiresBuild: true
    dependencies:
      '@substrate/connect-extension-protocol': 1.0.1
      '@substrate/smoldot-light': 0.7.9
      eventemitter3: 4.0.7
    transitivePeerDependencies:
      - bufferutil
      - utf-8-validate
    dev: false
    optional: true

  /@substrate/smoldot-light/0.7.9:
    resolution: {integrity: sha512-HP8iP7sFYlpSgjjbo0lqHyU+gu9lL2hbDNce6dWk5/10mFFF9jKIFGfui4zCecUY808o/Go9pan/31kMJoLbug==}
    dependencies:
      pako: 2.1.0
      ws: 8.13.0
    transitivePeerDependencies:
      - bufferutil
      - utf-8-validate
    dev: false
    optional: true

  /@substrate/ss58-registry/1.39.0:
    resolution: {integrity: sha512-qZYpuE6n+mwew+X71dOur/CbMXj6rNW27o63JeJwdQH/GvcSKm3JLNhd+bGzwUKg0D/zD30Qc6p4JykArzM+tA==}
    dev: false

  /@types/bn.js/5.1.1:
    resolution: {integrity: sha512-qNrYbZqMx0uJAfKnKclPh+dTwK33KfLHYqtyODwd5HnXOjnkhc4qgn3BrK6RWyGZm5+sIFE7Q7Vz6QQtJB7w7g==}
    dependencies:
      '@types/node': 18.15.3
    dev: false

  /@types/node-fetch/2.6.2:
    resolution: {integrity: sha512-DHqhlq5jeESLy19TYhLakJ07kNumXWjcDdxXsLUMJZ6ue8VZJj4kLPQVE/2mdHh3xZziNF1xppu5lwmS53HR+A==}
    dependencies:
      '@types/node': 18.15.3
      form-data: 3.0.1
    dev: false

  /@types/node/18.15.3:
    resolution: {integrity: sha512-p6ua9zBxz5otCmbpb5D3U4B5Nanw6Pk3PPyX05xnxbB/fRv71N7CPmORg7uAD5P70T0xmx1pzAx/FUfa5X+3cw==}

  /@types/websocket/1.0.5:
    resolution: {integrity: sha512-NbsqiNX9CnEfC1Z0Vf4mE1SgAJ07JnRYcNex7AJ9zAVzmiGHmjKFEk7O4TJIsgv2B1sLEb6owKFZrACwdYngsQ==}
    dependencies:
      '@types/node': 18.15.3
    dev: false

  /asynckit/0.4.0:
    resolution: {integrity: sha512-Oei9OH4tRh0YqU3GxhX79dM/mwVgvbZJaSNaRk+bshkj0S5cfHcgYakreBjrHwatXKbz+IoIdYLxrKim2MjW0Q==}
    dev: false

  /bn.js/5.2.1:
    resolution: {integrity: sha512-eXRvHzWyYPBuB4NBy0cmYQjGitUrtqwbvlzP3G6VFnNRbsZQIxQ10PbKKHt8gZ/HW/D/747aDl+QkDqg3KQLMQ==}
    dev: false

  /bufferutil/4.0.7:
    resolution: {integrity: sha512-kukuqc39WOHtdxtw4UScxF/WVnMFVSQVKhtx3AjZJzhd0RGZZldcrfSEbVsWWe6KNH253574cq5F+wpv0G9pJw==}
    engines: {node: '>=6.14.2'}
    requiresBuild: true
    dependencies:
      node-gyp-build: 4.6.0
    dev: false

  /combined-stream/1.0.8:
    resolution: {integrity: sha512-FQN4MRfuJeHf7cBbBMJFXhKSDq+2kAArBlmRBvcvFE5BB1HZKXtSFASDhdlz9zOYwxh8lDdnvmMOe/+5cdoEdg==}
    engines: {node: '>= 0.8'}
    dependencies:
      delayed-stream: 1.0.0
    dev: false

  /d/1.0.1:
    resolution: {integrity: sha512-m62ShEObQ39CfralilEQRjH6oAMtNCV1xJyEx5LpRYUVN+EviphDgUc/F3hnYbADmkiNs67Y+3ylmlG7Lnu+FA==}
    dependencies:
      es5-ext: 0.10.62
      type: 1.2.0
    dev: false

  /data-uri-to-buffer/4.0.1:
    resolution: {integrity: sha512-0R9ikRb668HB7QDxT1vkpuUBtqc53YyAwMwGeUFKRojY/NWKvdZ+9UYtRfGmhqNbRkTSVpMbmyhXipFFv2cb/A==}
    engines: {node: '>= 12'}
    dev: false

  /debug/2.6.9:
    resolution: {integrity: sha512-bC7ElrdJaJnPbAP+1EotYvqZsb3ecl5wi6Bfi6BJTUcNowp6cvspg0jXznRTKDjm/E7AdgFBVeAPVMNcKGsHMA==}
    peerDependencies:
      supports-color: '*'
    peerDependenciesMeta:
      supports-color:
        optional: true
    dependencies:
      ms: 2.0.0
    dev: false

  /debug/4.3.4:
    resolution: {integrity: sha512-PRWFHuSU3eDtQJPvnNY7Jcket1j0t5OuOsFzPPzsekD52Zl8qUfFIPEiswXqIvHWGVHOgX+7G/vCNNhehwxfkQ==}
    engines: {node: '>=6.0'}
    peerDependencies:
      supports-color: '*'
    peerDependenciesMeta:
      supports-color:
        optional: true
    dependencies:
      ms: 2.1.2
    dev: false

  /delayed-stream/1.0.0:
    resolution: {integrity: sha512-ZySD7Nf91aLB0RxL4KGrKHBXl7Eds1DAmEdcoVawXnLD7SDhpNgtuII2aAkg7a7QS41jxPSZ17p4VdGnMHk3MQ==}
    engines: {node: '>=0.4.0'}
    dev: false

  /ed2curve/0.3.0:
    resolution: {integrity: sha512-8w2fmmq3hv9rCrcI7g9hms2pMunQr1JINfcjwR9tAyZqhtyaMN991lF/ZfHfr5tzZQ8c7y7aBgZbjfbd0fjFwQ==}
    dependencies:
      tweetnacl: 1.0.3
    dev: false

  /es5-ext/0.10.62:
    resolution: {integrity: sha512-BHLqn0klhEpnOKSrzn/Xsz2UIW8j+cGmo9JLzr8BiUapV8hPL9+FliFqjwr9ngW7jWdnxv6eO+/LqyhJVqgrjA==}
    engines: {node: '>=0.10'}
    requiresBuild: true
    dependencies:
      es6-iterator: 2.0.3
      es6-symbol: 3.1.3
      next-tick: 1.1.0
    dev: false

  /es6-iterator/2.0.3:
    resolution: {integrity: sha512-zw4SRzoUkd+cl+ZoE15A9o1oQd920Bb0iOJMQkQhl3jNc03YqVjAhG7scf9C5KWRU/R13Orf588uCC6525o02g==}
    dependencies:
      d: 1.0.1
      es5-ext: 0.10.62
      es6-symbol: 3.1.3
    dev: false

  /es6-symbol/3.1.3:
    resolution: {integrity: sha512-NJ6Yn3FuDinBaBRWl/q5X/s4koRHBrgKAu+yGI6JCBeiu3qrcbJhwT2GeR/EXVfylRk8dpQVJoLEFhK+Mu31NA==}
    dependencies:
      d: 1.0.1
      ext: 1.7.0
    dev: false

  /eventemitter3/4.0.7:
    resolution: {integrity: sha512-8guHBZCwKnFhYdHr2ysuRWErTwhoN2X8XELRlrRwpmfeY2jjuUN4taQMsULKUVo1K4DvZl+0pgfyoysHxvmvEw==}
    dev: false
    optional: true

  /eventemitter3/5.0.0:
    resolution: {integrity: sha512-riuVbElZZNXLeLEoprfNYoDSwTBRR44X3mnhdI1YcnENpWTCsTTVZ2zFuqQcpoyqPQIUXdiPEU0ECAq0KQRaHg==}
    dev: false

  /ext/1.7.0:
    resolution: {integrity: sha512-6hxeJYaL110a9b5TEJSj0gojyHQAmA2ch5Os+ySCiA1QGdS697XWY1pzsrSjqA9LDEEgdB/KypIlR59RcLuHYw==}
    dependencies:
      type: 2.7.2
    dev: false

  /fetch-blob/3.2.0:
    resolution: {integrity: sha512-7yAQpD2UMJzLi1Dqv7qFYnPbaPx7ZfFK6PiIxQ4PfkGPyNyl2Ugx+a/umUonmKqjhM4DnfbMvdX6otXq83soQQ==}
    engines: {node: ^12.20 || >= 14.13}
    dependencies:
      node-domexception: 1.0.0
      web-streams-polyfill: 3.2.1
    dev: false

  /form-data/3.0.1:
    resolution: {integrity: sha512-RHkBKtLWUVwd7SqRIvCZMEvAMoGUp0XU+seQiZejj0COz3RI3hWP4sCv3gZWWLjJTd7rGwcsF5eKZGii0r/hbg==}
    engines: {node: '>= 6'}
    dependencies:
      asynckit: 0.4.0
      combined-stream: 1.0.8
      mime-types: 2.1.35
    dev: false

  /formdata-polyfill/4.0.10:
    resolution: {integrity: sha512-buewHzMvYL29jdeQTVILecSaZKnt/RJWjoZCF5OW60Z67/GmSLBkOFM7qh1PI3zFNtJbaZL5eQu1vLfazOwj4g==}
    engines: {node: '>=12.20.0'}
    dependencies:
      fetch-blob: 3.2.0
    dev: false

  /is-typedarray/1.0.0:
    resolution: {integrity: sha512-cyA56iCMHAh5CdzjJIa4aohJyeO1YbwLi3Jc35MmRU6poroFjIGZzUzupGiRPOjgHg9TLu43xbpwXk523fMxKA==}
    dev: false

  /json-stringify-safe/5.0.1:
    resolution: {integrity: sha512-ZClg6AaYvamvYEE82d3Iyd3vSSIjQ+odgjaTzRuO3s7toCdFKczob2i0zCh7JE8kWn17yvAWhUVxvqGwUalsRA==}
    dev: false

  /lodash/4.17.21:
    resolution: {integrity: sha512-v2kDEe57lecTulaDIuNTPy3Ry4gLGJ6Z1O3vE1krgXZNrsQ+LFTGHVxVjcXPs17LhbZVGedAJv8XZ1tvj5FvSg==}
    dev: false

  /mime-db/1.52.0:
    resolution: {integrity: sha512-sPU4uV7dYlvtWJxwwxHD0PuihVNiE7TyAbQ5SWxDCB9mUYvOgroQOwYQQOKPJ8CIbE+1ETVlOoK1UC2nU3gYvg==}
    engines: {node: '>= 0.6'}
    dev: false

  /mime-types/2.1.35:
    resolution: {integrity: sha512-ZDY+bPm5zTTF+YpCrAU9nK0UgICYPT0QtT1NZWFv4s++TNkcgVaT0g6+4R2uI4MjQjzysHB1zxuWL50hzaeXiw==}
    engines: {node: '>= 0.6'}
    dependencies:
      mime-db: 1.52.0
    dev: false

  /mock-socket/9.2.1:
    resolution: {integrity: sha512-aw9F9T9G2zpGipLLhSNh6ZpgUyUl4frcVmRN08uE1NWPWg43Wx6+sGPDbQ7E5iFZZDJW5b5bypMeAEHqTbIFag==}
    engines: {node: '>= 8'}
    dev: false

  /ms/2.0.0:
    resolution: {integrity: sha512-Tpp60P6IUJDTuOq/5Z8cdskzJujfwqfOTkrwIwj7IRISpnkJnT6SyJ4PCPnGMoFjC9ddhal5KVIYtAt97ix05A==}
    dev: false

  /ms/2.1.2:
    resolution: {integrity: sha512-sGkPx+VjMtmA6MX27oA4FBFELFCZZ4S4XqeGOXCv68tT+jb3vk/RyaKWP0PTKyWtmLSM0b+adUTEvbs1PEaH2w==}
    dev: false

  /next-tick/1.1.0:
    resolution: {integrity: sha512-CXdUiJembsNjuToQvxayPZF9Vqht7hewsvy2sOWafLvi2awflj9mOC6bHIg50orX8IJvWKY9wYQ/zB2kogPslQ==}
    dev: false

  /nock/13.3.0:
    resolution: {integrity: sha512-HHqYQ6mBeiMc+N038w8LkMpDCRquCHWeNmN3v6645P3NhN2+qXOBqvPqo7Rt1VyCMzKhJ733wZqw5B7cQVFNPg==}
    engines: {node: '>= 10.13'}
    dependencies:
      debug: 4.3.4
      json-stringify-safe: 5.0.1
      lodash: 4.17.21
      propagate: 2.0.1
    transitivePeerDependencies:
      - supports-color
    dev: false

  /node-domexception/1.0.0:
    resolution: {integrity: sha512-/jKZoMpw0F8GRwl4/eLROPA3cfcXtLApP0QzLmUT/HuPCZWyB7IY9ZrMeKw2O/nFIqPQB3PVM9aYm0F312AXDQ==}
    engines: {node: '>=10.5.0'}
    dev: false

  /node-fetch/3.3.1:
    resolution: {integrity: sha512-cRVc/kyto/7E5shrWca1Wsea4y6tL9iYJE5FBCius3JQfb/4P4I295PfhgbJQBLTx6lATE4z+wK0rPM4VS2uow==}
    engines: {node: ^12.20.0 || ^14.13.1 || >=16.0.0}
    dependencies:
      data-uri-to-buffer: 4.0.1
      fetch-blob: 3.2.0
      formdata-polyfill: 4.0.10
    dev: false

  /node-gyp-build/4.6.0:
    resolution: {integrity: sha512-NTZVKn9IylLwUzaKjkas1e4u2DLNcV4rdYagA4PWdPwW87Bi7z+BznyKSRwS/761tV/lzCGXplWsiaMjLqP2zQ==}
    hasBin: true
    dev: false

  /pako/2.1.0:
    resolution: {integrity: sha512-w+eufiZ1WuJYgPXbV/PO3NCMEc3xqylkKHzp8bxp1uW4qaSNQUkwmLLEc3kKsfz8lpV1F8Ht3U1Cm+9Srog2ug==}
    dev: false
    optional: true

  /propagate/2.0.1:
    resolution: {integrity: sha512-vGrhOavPSTz4QVNuBNdcNXePNdNMaO1xj9yBeH1ScQPjk/rhg9sSlCXPhMkFuaNNW/syTvYqsnbIJxMBfRbbag==}
    engines: {node: '>= 8'}
    dev: false

  /regenerator-runtime/0.13.11:
    resolution: {integrity: sha512-kY1AZVr2Ra+t+piVaJ4gxaFaReZVH40AKNo7UCX6W+dEwBo/2oZJzqfuN1qLq1oL45o56cPaTXELwrTh8Fpggg==}
    dev: false

  /rxjs/7.8.0:
    resolution: {integrity: sha512-F2+gxDshqmIub1KdvZkaEfGDwLNpPvk9Fs6LD/MyQxNgMds/WH9OdDDXOmxUZpME+iSK3rQCctkL0DYyytUqMg==}
    dependencies:
      tslib: 2.5.0
    dev: false

  /tslib/2.5.0:
    resolution: {integrity: sha512-336iVw3rtn2BUK7ORdIAHTyxHGRIHVReokCR3XjbckJMK7ms8FysBfhLR8IXnAgy7T0PTPNBWKiH514FOW/WSg==}
    dev: false

  /tweetnacl/1.0.3:
    resolution: {integrity: sha512-6rt+RN7aOi1nGMyC4Xa5DdYiukl2UWCbcJft7YhxReBGQD7OAM8Pbxw6YMo4r2diNEA8FEmu32YOn9rhaiE5yw==}
    dev: false

  /type/1.2.0:
    resolution: {integrity: sha512-+5nt5AAniqsCnu2cEQQdpzCAh33kVx8n0VoFidKpB1dVVLAN/F+bgVOqOJqOnEnrhp222clB5p3vUlD+1QAnfg==}
    dev: false

  /type/2.7.2:
    resolution: {integrity: sha512-dzlvlNlt6AXU7EBSfpAscydQ7gXB+pPGsPnfJnZpiNJBDj7IaJzQlBZYGdEi4R9HmPdBv2XmWJ6YUtoTa7lmCw==}
    dev: false

  /typedarray-to-buffer/3.1.5:
    resolution: {integrity: sha512-zdu8XMNEDepKKR+XYOXAVPtWui0ly0NtohUscw+UmaHiAWT8hrV1rr//H6V+0DvJ3OQ19S979M0laLfX8rm82Q==}
    dependencies:
      is-typedarray: 1.0.0
    dev: false

  /typescript/4.9.5:
    resolution: {integrity: sha512-1FXk9E2Hm+QzZQ7z+McJiHL4NW1F2EzMu9Nq9i3zAaGqibafqYwCVU6WyWAuyQRRzOlxou8xZSyXLEN8oKj24g==}
    engines: {node: '>=4.2.0'}
    hasBin: true
    dev: true

  /utf-8-validate/5.0.10:
    resolution: {integrity: sha512-Z6czzLq4u8fPOyx7TU6X3dvUZVvoJmxSQ+IcrlmagKhilxlhZgxPK6C5Jqbkw1IDUmFTM+cz9QDnnLTwDz/2gQ==}
    engines: {node: '>=6.14.2'}
    requiresBuild: true
    dependencies:
      node-gyp-build: 4.6.0
    dev: false

  /web-streams-polyfill/3.2.1:
    resolution: {integrity: sha512-e0MO3wdXWKrLbL0DgGnUV7WHVuw9OUvL4hjgnPkIeEvESk74gAITi5G606JtZPp39cd8HA9VQzCIvA49LpPN5Q==}
    engines: {node: '>= 8'}
    dev: false

  /websocket/1.0.34:
    resolution: {integrity: sha512-PRDso2sGwF6kM75QykIesBijKSVceR6jL2G8NGYyq2XrItNC2P5/qL5XeR056GhA+Ly7JMFvJb9I312mJfmqnQ==}
    engines: {node: '>=4.0.0'}
    dependencies:
      bufferutil: 4.0.7
      debug: 2.6.9
      es5-ext: 0.10.62
      typedarray-to-buffer: 3.1.5
      utf-8-validate: 5.0.10
      yaeti: 0.0.6
    transitivePeerDependencies:
      - supports-color
    dev: false

  /ws/8.13.0:
    resolution: {integrity: sha512-x9vcZYTrFPC7aSIbj7sRCYo7L/Xb8Iy+pW0ng0wt2vCJv7M9HOMy0UoN3rr+IFC7hb7vXoqS+P9ktyLLLhO+LA==}
    engines: {node: '>=10.0.0'}
    peerDependencies:
      bufferutil: ^4.0.1
      utf-8-validate: '>=5.0.2'
    peerDependenciesMeta:
      bufferutil:
        optional: true
      utf-8-validate:
        optional: true
    dev: false
    optional: true

  /yaeti/0.0.6:
    resolution: {integrity: sha512-MvQa//+KcZCUkBTIC9blM+CU9J2GzuTytsOUwf2lidtvkx/6gnEp1QvJv34t9vdjhFmha/mUiNDbN0D0mJWdug==}
    engines: {node: '>=0.10.32'}
    dev: false
